
Microsoft Visual Studio Solution File, Format Version 12.00
# Visual Studio Version 17
VisualStudioVersion = 17.0.31903.59
MinimumVisualStudioVersion = 10.0.40219.1
Project("{9A19103F-16F7-4668-BE54-9A1E7A4F7556}") = "AuthService", "AuthService\AuthService.csproj", "{8414ADDA-539E-4F04-87F6-8400A94FE57E}"
EndProject
Project("{9A19103F-16F7-4668-BE54-9A1E7A4F7556}") = "DataLayer", "DataLayer\DataLayer.csproj", "{E56CDD24-B9F6-4F67-A7B5-23E1304516F9}"
EndProject
Project("{9A19103F-16F7-4668-BE54-9A1E7A4F7556}") = "GroupService", "GroupService\GroupService.csproj", "{95EF8F6C-983B-405D-B8B4-DE4DA9097ACD}"
EndProject
Project("{9A19103F-16F7-4668-BE54-9A1E7A4F7556}") = "JwtPreset", "JwtPreset\JwtPreset.csproj", "{22FB0DB3-DEDD-4842-9417-B88050E14D82}"
EndProject
Project("{9A19103F-16F7-4668-BE54-9A1E7A4F7556}") = "StudentService", "StudentService\StudentService.csproj", "{62C5135F-234B-4C6F-B356-B4E125D21083}"
EndProject
Project("{9A19103F-16F7-4668-BE54-9A1E7A4F7556}") = "FacultyService", "FacultyService\FacultyService.csproj", "{A1879782-86A3-499B-BE53-25AD0B7B7495}"
EndProject
Project("{9A19103F-16F7-4668-BE54-9A1E7A4F7556}") = "UserService", "UserService\UserService.csproj", "{36C41F63-A340-40D0-9209-0B2CD97A1E0A}"
EndProject
Global
	GlobalSection(SolutionConfigurationPlatforms) = preSolution
		Debug|Any CPU = Debug|Any CPU
		Release|Any CPU = Release|Any CPU
	EndGlobalSection
	GlobalSection(ProjectConfigurationPlatforms) = postSolution
		{8414ADDA-539E-4F04-87F6-8400A94FE57E}.Debug|Any CPU.ActiveCfg = Debug|Any CPU
		{8414ADDA-539E-4F04-87F6-8400A94FE57E}.Debug|Any CPU.Build.0 = Debug|Any CPU
		{8414ADDA-539E-4F04-87F6-8400A94FE57E}.Release|Any CPU.ActiveCfg = Release|Any CPU
		{8414ADDA-539E-4F04-87F6-8400A94FE57E}.Release|Any CPU.Build.0 = Release|Any CPU
		{E56CDD24-B9F6-4F67-A7B5-23E1304516F9}.Debug|Any CPU.ActiveCfg = Debug|Any CPU
		{E56CDD24-B9F6-4F67-A7B5-23E1304516F9}.Debug|Any CPU.Build.0 = Debug|Any CPU
		{E56CDD24-B9F6-4F67-A7B5-23E1304516F9}.Release|Any CPU.ActiveCfg = Release|Any CPU
		{E56CDD24-B9F6-4F67-A7B5-23E1304516F9}.Release|Any CPU.Build.0 = Release|Any CPU
		{95EF8F6C-983B-405D-B8B4-DE4DA9097ACD}.Debug|Any CPU.ActiveCfg = Debug|Any CPU
		{95EF8F6C-983B-405D-B8B4-DE4DA9097ACD}.Debug|Any CPU.Build.0 = Debug|Any CPU
		{95EF8F6C-983B-405D-B8B4-DE4DA9097ACD}.Release|Any CPU.ActiveCfg = Release|Any CPU
		{95EF8F6C-983B-405D-B8B4-DE4DA9097ACD}.Release|Any CPU.Build.0 = Release|Any CPU
		{22FB0DB3-DEDD-4842-9417-B88050E14D82}.Debug|Any CPU.ActiveCfg = Debug|Any CPU
		{22FB0DB3-DEDD-4842-9417-B88050E14D82}.Debug|Any CPU.Build.0 = Debug|Any CPU
		{22FB0DB3-DEDD-4842-9417-B88050E14D82}.Release|Any CPU.ActiveCfg = Release|Any CPU
		{22FB0DB3-DEDD-4842-9417-B88050E14D82}.Release|Any CPU.Build.0 = Release|Any CPU
		{62C5135F-234B-4C6F-B356-B4E125D21083}.Debug|Any CPU.ActiveCfg = Debug|Any CPU
		{62C5135F-234B-4C6F-B356-B4E125D21083}.Debug|Any CPU.Build.0 = Debug|Any CPU
		{62C5135F-234B-4C6F-B356-B4E125D21083}.Release|Any CPU.ActiveCfg = Release|Any CPU
		{62C5135F-234B-4C6F-B356-B4E125D21083}.Release|Any CPU.Build.0 = Release|Any CPU
		{A1879782-86A3-499B-BE53-25AD0B7B7495}.Debug|Any CPU.ActiveCfg = Debug|Any CPU
		{A1879782-86A3-499B-BE53-25AD0B7B7495}.Debug|Any CPU.Build.0 = Debug|Any CPU
		{A1879782-86A3-499B-BE53-25AD0B7B7495}.Release|Any CPU.ActiveCfg = Release|Any CPU
		{A1879782-86A3-499B-BE53-25AD0B7B7495}.Release|Any CPU.Build.0 = Release|Any CPU
		{36C41F63-A340-40D0-9209-0B2CD97A1E0A}.Debug|Any CPU.ActiveCfg = Debug|Any CPU
		{36C41F63-A340-40D0-9209-0B2CD97A1E0A}.Debug|Any CPU.Build.0 = Debug|Any CPU
		{36C41F63-A340-40D0-9209-0B2CD97A1E0A}.Release|Any CPU.ActiveCfg = Release|Any CPU
		{36C41F63-A340-40D0-9209-0B2CD97A1E0A}.Release|Any CPU.Build.0 = Release|Any CPU
	EndGlobalSection
	GlobalSection(SolutionProperties) = preSolution
		HideSolutionNode = FALSE
	EndGlobalSection
	GlobalSection(ExtensibilityGlobals) = postSolution
		SolutionGuid = {7A1BA140-1763-4E7A-939B-9E82EC82CC64}
	EndGlobalSection
EndGlobal
